// !$*UTF8*$!
{
	archiveVersion = 1;
	classes = {
	};
	objectVersion = 50;
	objects = {

/* Begin PBXBuildFile section */
		82272F7724512A4C00AD3C98 /* AppDelegate.swift in Sources */ = {isa = PBXBuildFile; fileRef = 82272F7624512A4C00AD3C98 /* AppDelegate.swift */; };
		82272F7924512A4C00AD3C98 /* SceneDelegate.swift in Sources */ = {isa = PBXBuildFile; fileRef = 82272F7824512A4C00AD3C98 /* SceneDelegate.swift */; };
		82272F7B24512A4C00AD3C98 /* ViewController.swift in Sources */ = {isa = PBXBuildFile; fileRef = 82272F7A24512A4C00AD3C98 /* ViewController.swift */; };
		82272F7E24512A4C00AD3C98 /* Main.storyboard in Resources */ = {isa = PBXBuildFile; fileRef = 82272F7C24512A4C00AD3C98 /* Main.storyboard */; };
		82272F8024512A4E00AD3C98 /* Assets.xcassets in Resources */ = {isa = PBXBuildFile; fileRef = 82272F7F24512A4E00AD3C98 /* Assets.xcassets */; };
		82272F8324512A4E00AD3C98 /* LaunchScreen.storyboard in Resources */ = {isa = PBXBuildFile; fileRef = 82272F8124512A4E00AD3C98 /* LaunchScreen.storyboard */; };
		82272F8E24512A4E00AD3C98 /* _Tests.swift in Sources */ = {isa = PBXBuildFile; fileRef = 82272F8D24512A4E00AD3C98 /* _Tests.swift */; };
		82272F9924512A4E00AD3C98 /* _UITests.swift in Sources */ = {isa = PBXBuildFile; fileRef = 82272F9824512A4E00AD3C98 /* _UITests.swift */; };
/* End PBXBuildFile section */

/* Begin PBXContainerItemProxy section */
		82272F8A24512A4E00AD3C98 /* PBXContainerItemProxy */ = {
			isa = PBXContainerItemProxy;
			containerPortal = 82272F6B24512A4C00AD3C98 /* Project object */;
			proxyType = 1;
			remoteGlobalIDString = 82272F7224512A4C00AD3C98;
			remoteInfo = 9;
		};
		82272F9524512A4E00AD3C98 /* PBXContainerItemProxy */ = {
			isa = PBXContainerItemProxy;
			containerPortal = 82272F6B24512A4C00AD3C98 /* Project object */;
			proxyType = 1;
			remoteGlobalIDString = 82272F7224512A4C00AD3C98;
			remoteInfo = 9;
		};
/* End PBXContainerItemProxy section */

/* Begin PBXFileReference section */
		82272F7324512A4C00AD3C98 /* 9.app */ = {isa = PBXFileReference; explicitFileType = wrapper.application; includeInIndex = 0; path = 9.app; sourceTree = BUILT_PRODUCTS_DIR; };
		82272F7624512A4C00AD3C98 /* AppDelegate.swift */ = {isa = PBXFileReference; lastKnownFileType = sourcecode.swift; path = AppDelegate.swift; sourceTree = "<group>"; };
		82272F7824512A4C00AD3C98 /* SceneDelegate.swift */ = {isa = PBXFileReference; lastKnownFileType = sourcecode.swift; path = SceneDelegate.swift; sourceTree = "<group>"; };
		82272F7A24512A4C00AD3C98 /* ViewController.swift */ = {isa = PBXFileReference; lastKnownFileType = sourcecode.swift; path = ViewController.swift; sourceTree = "<group>"; };
		82272F7D24512A4C00AD3C98 /* Base */ = {isa = PBXFileReference; lastKnownFileType = file.storyboard; name = Base; path = Base.lproj/Main.storyboard; sourceTree = "<group>"; };
		82272F7F24512A4E00AD3C98 /* Assets.xcassets */ = {isa = PBXFileReference; lastKnownFileType = folder.assetcatalog; path = Assets.xcassets; sourceTree = "<group>"; };
		82272F8224512A4E00AD3C98 /* Base */ = {isa = PBXFileReference; lastKnownFileType = file.storyboard; name = Base; path = Base.lproj/LaunchScreen.storyboard; sourceTree = "<group>"; };
		82272F8424512A4E00AD3C98 /* Info.plist */ = {isa = PBXFileReference; lastKnownFileType = text.plist.xml; path = Info.plist; sourceTree = "<group>"; };
		82272F8924512A4E00AD3C98 /* 9Tests.xctest */ = {isa = PBXFileReference; explicitFileType = wrapper.cfbundle; includeInIndex = 0; path = 9Tests.xctest; sourceTree = BUILT_PRODUCTS_DIR; };
		82272F8D24512A4E00AD3C98 /* _Tests.swift */ = {isa = PBXFileReference; lastKnownFileType = sourcecode.swift; path = _Tests.swift; sourceTree = "<group>"; };
		82272F8F24512A4E00AD3C98 /* Info.plist */ = {isa = PBXFileReference; lastKnownFileType = text.plist.xml; path = Info.plist; sourceTree = "<group>"; };
		82272F9424512A4E00AD3C98 /* 9UITests.xctest */ = {isa = PBXFileReference; explicitFileType = wrapper.cfbundle; includeInIndex = 0; path = 9UITests.xctest; sourceTree = BUILT_PRODUCTS_DIR; };
		82272F9824512A4E00AD3C98 /* _UITests.swift */ = {isa = PBXFileReference; lastKnownFileType = sourcecode.swift; path = _UITests.swift; sourceTree = "<group>"; };
		82272F9A24512A4E00AD3C98 /* Info.plist */ = {isa = PBXFileReference; lastKnownFileType = text.plist.xml; path = Info.plist; sourceTree = "<group>"; };
/* End PBXFileReference section */

/* Begin PBXFrameworksBuildPhase section */
		82272F7024512A4C00AD3C98 /* Frameworks */ = {
			isa = PBXFrameworksBuildPhase;
			buildActionMask = 2147483647;
			files = (
			);
			runOnlyForDeploymentPostprocessing = 0;
		};
		82272F8624512A4E00AD3C98 /* Frameworks */ = {
			isa = PBXFrameworksBuildPhase;
			buildActionMask = 2147483647;
			files = (
			);
			runOnlyForDeploymentPostprocessing = 0;
		};
		82272F9124512A4E00AD3C98 /* Frameworks */ = {
			isa = PBXFrameworksBuildPhase;
			buildActionMask = 2147483647;
			files = (
			);
			runOnlyForDeploymentPostprocessing = 0;
		};
/* End PBXFrameworksBuildPhase section */

/* Begin PBXGroup section */
		82272F6A24512A4C00AD3C98 = {
			isa = PBXGroup;
			children = (
				82272F7524512A4C00AD3C98 /* 9 */,
				82272F8C24512A4E00AD3C98 /* 9Tests */,
				82272F9724512A4E00AD3C98 /* 9UITests */,
				82272F7424512A4C00AD3C98 /* Products */,
			);
			sourceTree = "<group>";
		};
		82272F7424512A4C00AD3C98 /* Products */ = {
			isa = PBXGroup;
			children = (
				82272F7324512A4C00AD3C98 /* 9.app */,
				82272F8924512A4E00AD3C98 /* 9Tests.xctest */,
				82272F9424512A4E00AD3C98 /* 9UITests.xctest */,
			);
			name = Products;
			sourceTree = "<group>";
		};
		82272F7524512A4C00AD3C98 /* 9 */ = {
			isa = PBXGroup;
			children = (
				82272F7624512A4C00AD3C98 /* AppDelegate.swift */,
				82272F7824512A4C00AD3C98 /* SceneDelegate.swift */,
				82272F7A24512A4C00AD3C98 /* ViewController.swift */,
				82272F7C24512A4C00AD3C98 /* Main.storyboard */,
				82272F7F24512A4E00AD3C98 /* Assets.xcassets */,
				82272F8124512A4E00AD3C98 /* LaunchScreen.storyboard */,
				82272F8424512A4E00AD3C98 /* Info.plist */,
			);
			path = 9;
			sourceTree = "<group>";
		};
		82272F8C24512A4E00AD3C98 /* 9Tests */ = {
			isa = PBXGroup;
			children = (
				82272F8D24512A4E00AD3C98 /* _Tests.swift */,
				82272F8F24512A4E00AD3C98 /* Info.plist */,
			);
			path = 9Tests;
			sourceTree = "<group>";
		};
		82272F9724512A4E00AD3C98 /* 9UITests */ = {
			isa = PBXGroup;
			children = (
				82272F9824512A4E00AD3C98 /* _UITests.swift */,
				82272F9A24512A4E00AD3C98 /* Info.plist */,
			);
			path = 9UITests;
			sourceTree = "<group>";
		};
/* End PBXGroup section */

/* Begin PBXNativeTarget section */
		82272F7224512A4C00AD3C98 /* 9 */ = {
			isa = PBXNativeTarget;
			buildConfigurationList = 82272F9D24512A4E00AD3C98 /* Build configuration list for PBXNativeTarget "9" */;
			buildPhases = (
				82272F6F24512A4C00AD3C98 /* Sources */,
				82272F7024512A4C00AD3C98 /* Frameworks */,
				82272F7124512A4C00AD3C98 /* Resources */,
			);
			buildRules = (
			);
			dependencies = (
			);
			name = 9;
			productName = 9;
			productReference = 82272F7324512A4C00AD3C98 /* 9.app */;
			productType = "com.apple.product-type.application";
		};
		82272F8824512A4E00AD3C98 /* 9Tests */ = {
			isa = PBXNativeTarget;
			buildConfigurationList = 82272FA024512A4E00AD3C98 /* Build configuration list for PBXNativeTarget "9Tests" */;
			buildPhases = (
				82272F8524512A4E00AD3C98 /* Sources */,
				82272F8624512A4E00AD3C98 /* Frameworks */,
				82272F8724512A4E00AD3C98 /* Resources */,
			);
			buildRules = (
			);
			dependencies = (
				82272F8B24512A4E00AD3C98 /* PBXTargetDependency */,
			);
			name = 9Tests;
			productName = 9Tests;
			productReference = 82272F8924512A4E00AD3C98 /* 9Tests.xctest */;
			productType = "com.apple.product-type.bundle.unit-test";
		};
		82272F9324512A4E00AD3C98 /* 9UITests */ = {
			isa = PBXNativeTarget;
			buildConfigurationList = 82272FA324512A4E00AD3C98 /* Build configuration list for PBXNativeTarget "9UITests" */;
			buildPhases = (
				82272F9024512A4E00AD3C98 /* Sources */,
				82272F9124512A4E00AD3C98 /* Frameworks */,
				82272F9224512A4E00AD3C98 /* Resources */,
			);
			buildRules = (
			);
			dependencies = (
				82272F9624512A4E00AD3C98 /* PBXTargetDependency */,
			);
			name = 9UITests;
			productName = 9UITests;
			productReference = 82272F9424512A4E00AD3C98 /* 9UITests.xctest */;
			productType = "com.apple.product-type.bundle.ui-testing";
		};
/* End PBXNativeTarget section */

/* Begin PBXProject section */
		82272F6B24512A4C00AD3C98 /* Project object */ = {
			isa = PBXProject;
			attributes = {
				LastSwiftUpdateCheck = 1130;
				LastUpgradeCheck = 1130;
				ORGANIZATIONNAME = "Emily Ross";
				TargetAttributes = {
					82272F7224512A4C00AD3C98 = {
						CreatedOnToolsVersion = 11.3.1;
					};
					82272F8824512A4E00AD3C98 = {
						CreatedOnToolsVersion = 11.3.1;
						TestTargetID = 82272F7224512A4C00AD3C98;
					};
					82272F9324512A4E00AD3C98 = {
						CreatedOnToolsVersion = 11.3.1;
						TestTargetID = 82272F7224512A4C00AD3C98;
					};
				};
			};
			buildConfigurationList = 82272F6E24512A4C00AD3C98 /* Build configuration list for PBXProject "9" */;
			compatibilityVersion = "Xcode 9.3";
			developmentRegion = en;
			hasScannedForEncodings = 0;
			knownRegions = (
				en,
				Base,
			);
			mainGroup = 82272F6A24512A4C00AD3C98;
			productRefGroup = 82272F7424512A4C00AD3C98 /* Products */;
			projectDirPath = "";
			projectRoot = "";
			targets = (
				82272F7224512A4C00AD3C98 /* 9 */,
				82272F8824512A4E00AD3C98 /* 9Tests */,
				82272F9324512A4E00AD3C98 /* 9UITests */,
			);
		};
/* End PBXProject section */

/* Begin PBXResourcesBuildPhase section */
		82272F7124512A4C00AD3C98 /* Resources */ = {
			isa = PBXResourcesBuildPhase;
			buildActionMask = 2147483647;
			files = (
				82272F8324512A4E00AD3C98 /* LaunchScreen.storyboard in Resources */,
				82272F8024512A4E00AD3C98 /* Assets.xcassets in Resources */,
				82272F7E24512A4C00AD3C98 /* Main.storyboard in Resources */,
			);
			runOnlyForDeploymentPostprocessing = 0;
		};
		82272F8724512A4E00AD3C98 /* Resources */ = {
			isa = PBXResourcesBuildPhase;
			buildActionMask = 2147483647;
			files = (
			);
			runOnlyForDeploymentPostprocessing = 0;
		};
		82272F9224512A4E00AD3C98 /* Resources */ = {
			isa = PBXResourcesBuildPhase;
			buildActionMask = 2147483647;
			files = (
			);
			runOnlyForDeploymentPostprocessing = 0;
		};
/* End PBXResourcesBuildPhase section */

/* Begin PBXSourcesBuildPhase section */
		82272F6F24512A4C00AD3C98 /* Sources */ = {
			isa = PBXSourcesBuildPhase;
			buildActionMask = 2147483647;
			files = (
				82272F7B24512A4C00AD3C98 /* ViewController.swift in Sources */,
				82272F7724512A4C00AD3C98 /* AppDelegate.swift in Sources */,
				82272F7924512A4C00AD3C98 /* SceneDelegate.swift in Sources */,
			);
			runOnlyForDeploymentPostprocessing = 0;
		};
		82272F8524512A4E00AD3C98 /* Sources */ = {
			isa = PBXSourcesBuildPhase;
			buildActionMask = 2147483647;
			files = (
				82272F8E24512A4E00AD3C98 /* _Tests.swift in Sources */,
			);
			runOnlyForDeploymentPostprocessing = 0;
		};
		82272F9024512A4E00AD3C98 /* Sources */ = {
			isa = PBXSourcesBuildPhase;
			buildActionMask = 2147483647;
			files = (
				82272F9924512A4E00AD3C98 /* _UITests.swift in Sources */,
			);
			runOnlyForDeploymentPostprocessing = 0;
		};
/* End PBXSourcesBuildPhase section */

/* Begin PBXTargetDependency section */
		82272F8B24512A4E00AD3C98 /* PBXTargetDependency */ = {
			isa = PBXTargetDependency;
			target = 82272F7224512A4C00AD3C98 /* 9 */;
			targetProxy = 82272F8A24512A4E00AD3C98 /* PBXContainerItemProxy */;
		};
		82272F9624512A4E00AD3C98 /* PBXTargetDependency */ = {
			isa = PBXTargetDependency;
			target = 82272F7224512A4C00AD3C98 /* 9 */;
			targetProxy = 82272F9524512A4E00AD3C98 /* PBXContainerItemProxy */;
		};
/* End PBXTargetDependency section */

/* Begin PBXVariantGroup section */
		82272F7C24512A4C00AD3C98 /* Main.storyboard */ = {
			isa = PBXVariantGroup;
			children = (
				82272F7D24512A4C00AD3C98 /* Base */,
			);
			name = Main.storyboard;
			sourceTree = "<group>";
		};
		82272F8124512A4E00AD3C98 /* LaunchScreen.storyboard */ = {
			isa = PBXVariantGroup;
			children = (
				82272F8224512A4E00AD3C98 /* Base */,
			);
			name = LaunchScreen.storyboard;
			sourceTree = "<group>";
		};
/* End PBXVariantGroup section */

/* Begin XCBuildConfiguration section */
		82272F9B24512A4E00AD3C98 /* Debug */ = {
			isa = XCBuildConfiguration;
			buildSettings = {
				ALWAYS_SEARCH_USER_PATHS = NO;
				CLANG_ANALYZER_NONNULL = YES;
				CLANG_ANALYZER_NUMBER_OBJECT_CONVERSION = YES_AGGRESSIVE;
				CLANG_CXX_LANGUAGE_STANDARD = "gnu++14";
				CLANG_CXX_LIBRARY = "libc++";
				CLANG_ENABLE_MODULES = YES;
				CLANG_ENABLE_OBJC_ARC = YES;
				CLANG_ENABLE_OBJC_WEAK = YES;
				CLANG_WARN_BLOCK_CAPTURE_AUTORELEASING = YES;
				CLANG_WARN_BOOL_CONVERSION = YES;
				CLANG_WARN_COMMA = YES;
				CLANG_WARN_CONSTANT_CONVERSION = YES;
				CLANG_WARN_DEPRECATED_OBJC_IMPLEMENTATIONS = YES;
				CLANG_WARN_DIRECT_OBJC_ISA_USAGE = YES_ERROR;
				CLANG_WARN_DOCUMENTATION_COMMENTS = YES;
				CLANG_WARN_EMPTY_BODY = YES;
				CLANG_WARN_ENUM_CONVERSION = YES;
				CLANG_WARN_INFINITE_RECURSION = YES;
				CLANG_WARN_INT_CONVERSION = YES;
				CLANG_WARN_NON_LITERAL_NULL_CONVERSION = YES;
				CLANG_WARN_OBJC_IMPLICIT_RETAIN_SELF = YES;
				CLANG_WARN_OBJC_LITERAL_CONVERSION = YES;
				CLANG_WARN_OBJC_ROOT_CLASS = YES_ERROR;
				CLANG_WARN_RANGE_LOOP_ANALYSIS = YES;
				CLANG_WARN_STRICT_PROTOTYPES = YES;
				CLANG_WARN_SUSPICIOUS_MOVE = YES;
				CLANG_WARN_UNGUARDED_AVAILABILITY = YES_AGGRESSIVE;
				CLANG_WARN_UNREACHABLE_CODE = YES;
				CLANG_WARN__DUPLICATE_METHOD_MATCH = YES;
				COPY_PHASE_STRIP = NO;
				DEBUG_INFORMATION_FORMAT = dwarf;
				ENABLE_STRICT_OBJC_MSGSEND = YES;
				ENABLE_TESTABILITY = YES;
				GCC_C_LANGUAGE_STANDARD = gnu11;
				GCC_DYNAMIC_NO_PIC = NO;
				GCC_NO_COMMON_BLOCKS = YES;
				GCC_OPTIMIZATION_LEVEL = 0;
				GCC_PREPROCESSOR_DEFINITIONS = (
					"DEBUG=1",
					"$(inherited)",
				);
				GCC_WARN_64_TO_32_BIT_CONVERSION = YES;
				GCC_WARN_ABOUT_RETURN_TYPE = YES_ERROR;
				GCC_WARN_UNDECLARED_SELECTOR = YES;
				GCC_WARN_UNINITIALIZED_AUTOS = YES_AGGRESSIVE;
				GCC_WARN_UNUSED_FUNCTION = YES;
				GCC_WARN_UNUSED_VARIABLE = YES;
				IPHONEOS_DEPLOYMENT_TARGET = 13.2;
				MTL_ENABLE_DEBUG_INFO = INCLUDE_SOURCE;
				MTL_FAST_MATH = YES;
				ONLY_ACTIVE_ARCH = YES;
				SDKROOT = iphoneos;
				SWIFT_ACTIVE_COMPILATION_CONDITIONS = DEBUG;
				SWIFT_OPTIMIZATION_LEVEL = "-Onone";
			};
			name = Debug;
		};
		82272F9C24512A4E00AD3C98 /* Release */ = {
			isa = XCBuildConfiguration;
			buildSettings = {
				ALWAYS_SEARCH_USER_PATHS = NO;
				CLANG_ANALYZER_NONNULL = YES;
				CLANG_ANALYZER_NUMBER_OBJECT_CONVERSION = YES_AGGRESSIVE;
				CLANG_CXX_LANGUAGE_STANDARD = "gnu++14";
				CLANG_CXX_LIBRARY = "libc++";
				CLANG_ENABLE_MODULES = YES;
				CLANG_ENABLE_OBJC_ARC = YES;
				CLANG_ENABLE_OBJC_WEAK = YES;
				CLANG_WARN_BLOCK_CAPTURE_AUTORELEASING = YES;
				CLANG_WARN_BOOL_CONVERSION = YES;
				CLANG_WARN_COMMA = YES;
				CLANG_WARN_CONSTANT_CONVERSION = YES;
				CLANG_WARN_DEPRECATED_OBJC_IMPLEMENTATIONS = YES;
				CLANG_WARN_DIRECT_OBJC_ISA_USAGE = YES_ERROR;
				CLANG_WARN_DOCUMENTATION_COMMENTS = YES;
				CLANG_WARN_EMPTY_BODY = YES;
				CLANG_WARN_ENUM_CONVERSION = YES;
				CLANG_WARN_INFINITE_RECURSION = YES;
				CLANG_WARN_INT_CONVERSION = YES;
				CLANG_WARN_NON_LITERAL_NULL_CONVERSION = YES;
				CLANG_WARN_OBJC_IMPLICIT_RETAIN_SELF = YES;
				CLANG_WARN_OBJC_LITERAL_CONVERSION = YES;
				CLANG_WARN_OBJC_ROOT_CLASS = YES_ERROR;
				CLANG_WARN_RANGE_LOOP_ANALYSIS = YES;
				CLANG_WARN_STRICT_PROTOTYPES = YES;
				CLANG_WARN_SUSPICIOUS_MOVE = YES;
				CLANG_WARN_UNGUARDED_AVAILABILITY = YES_AGGRESSIVE;
				CLANG_WARN_UNREACHABLE_CODE = YES;
				CLANG_WARN__DUPLICATE_METHOD_MATCH = YES;
				COPY_PHASE_STRIP = NO;
				DEBUG_INFORMATION_FORMAT = "dwarf-with-dsym";
				ENABLE_NS_ASSERTIONS = NO;
				ENABLE_STRICT_OBJC_MSGSEND = YES;
				GCC_C_LANGUAGE_STANDARD = gnu11;
				GCC_NO_COMMON_BLOCKS = YES;
				GCC_WARN_64_TO_32_BIT_CONVERSION = YES;
				GCC_WARN_ABOUT_RETURN_TYPE = YES_ERROR;
				GCC_WARN_UNDECLARED_SELECTOR = YES;
				GCC_WARN_UNINITIALIZED_AUTOS = YES_AGGRESSIVE;
				GCC_WARN_UNUSED_FUNCTION = YES;
				GCC_WARN_UNUSED_VARIABLE = YES;
				IPHONEOS_DEPLOYMENT_TARGET = 13.2;
				MTL_ENABLE_DEBUG_INFO = NO;
				MTL_FAST_MATH = YES;
				SDKROOT = iphoneos;
				SWIFT_COMPILATION_MODE = wholemodule;
				SWIFT_OPTIMIZATION_LEVEL = "-O";
				VALIDATE_PRODUCT = YES;
			};
			name = Release;
		};
		82272F9E24512A4E00AD3C98 /* Debug */ = {
			isa = XCBuildConfiguration;
			buildSettings = {
				ASSETCATALOG_COMPILER_APPICON_NAME = AppIcon;
				CODE_SIGN_STYLE = Automatic;
				DEVELOPMENT_TEAM = FX553XR2X7;
				INFOPLIST_FILE = 9/Info.plist;
				LD_RUNPATH_SEARCH_PATHS = (
					"$(inherited)",
					"@executable_path/Frameworks",
				);
				PRODUCT_BUNDLE_IDENTIFIER = "emilyross.com.-";
				PRODUCT_NAME = "$(TARGET_NAME)";
				SWIFT_VERSION = 5.0;
				TARGETED_DEVICE_FAMILY = "1,2";
			};
			name = Debug;
		};
		82272F9F24512A4E00AD3C98 /* Release */ = {
			isa = XCBuildConfiguration;
			buildSettings = {
				ASSETCATALOG_COMPILER_APPICON_NAME = AppIcon;
				CODE_SIGN_STYLE = Automatic;
				DEVELOPMENT_TEAM = FX553XR2X7;
				INFOPLIST_FILE = 9/Info.plist;
				LD_RUNPATH_SEARCH_PATHS = (
					"$(inherited)",
					"@executable_path/Frameworks",
				);
				PRODUCT_BUNDLE_IDENTIFIER = "emilyross.com.-";
				PRODUCT_NAME = "$(TARGET_NAME)";
				SWIFT_VERSION = 5.0;
				TARGETED_DEVICE_FAMILY = "1,2";
			};
			name = Release;
		};
		82272FA124512A4E00AD3C98 /* Debug */ = {
			isa = XCBuildConfiguration;
			buildSettings = {
				ALWAYS_EMBED_SWIFT_STANDARD_LIBRARIES = YES;
				BUNDLE_LOADER = "$(TEST_HOST)";
				CODE_SIGN_STYLE = Automatic;
				DEVELOPMENT_TEAM = FX553XR2X7;
				INFOPLIST_FILE = 9Tests/Info.plist;
				IPHONEOS_DEPLOYMENT_TARGET = 13.2;
				LD_RUNPATH_SEARCH_PATHS = (
					"$(inherited)",
					"@executable_path/Frameworks",
					"@loader_path/Frameworks",
				);
				PRODUCT_BUNDLE_IDENTIFIER = "emilyross.com.-Tests";
				PRODUCT_NAME = "$(TARGET_NAME)";
				SWIFT_VERSION = 5.0;
				TARGETED_DEVICE_FAMILY = "1,2";
				TEST_HOST = "$(BUILT_PRODUCTS_DIR)/9.app/9";
			};
			name = Debug;
		};
		82272FA224512A4E00AD3C98 /* Release */ = {
			isa = XCBuildConfiguration;
			buildSettings = {
				ALWAYS_EMBED_SWIFT_STANDARD_LIBRARIES = YES;
				BUNDLE_LOADER = "$(TEST_HOST)";
				CODE_SIGN_STYLE = Automatic;
				DEVELOPMENT_TEAM = FX553XR2X7;
				INFOPLIST_FILE = 9Tests/Info.plist;
				IPHONEOS_DEPLOYMENT_TARGET = 13.2;
				LD_RUNPATH_SEARCH_PATHS = (
					"$(inherited)",
					"@executable_path/Frameworks",
					"@loader_path/Frameworks",
				);
				PRODUCT_BUNDLE_IDENTIFIER = "emilyross.com.-Tests";
				PRODUCT_NAME = "$(TARGET_NAME)";
				SWIFT_VERSION = 5.0;
				TARGETED_DEVICE_FAMILY = "1,2";
				TEST_HOST = "$(BUILT_PRODUCTS_DIR)/9.app/9";
			};
			name = Release;
		};
		82272FA424512A4E00AD3C98 /* Debug */ = {
			isa = XCBuildConfiguration;
			buildSettings = {
				ALWAYS_EMBED_SWIFT_STANDARD_LIBRARIES = YES;
				CODE_SIGN_STYLE = Automatic;
				DEVELOPMENT_TEAM = FX553XR2X7;
				INFOPLIST_FILE = 9UITests/Info.plist;
				LD_RUNPATH_SEARCH_PATHS = (
					"$(inherited)",
					"@executable_path/Frameworks",
					"@loader_path/Frameworks",
				);
				PRODUCT_BUNDLE_IDENTIFIER = "emilyross.com.-UITests";
				PRODUCT_NAME = "$(TARGET_NAME)";
				SWIFT_VERSION = 5.0;
				TARGETED_DEVICE_FAMILY = "1,2";
				TEST_TARGET_NAME = 9;
			};
			name = Debug;
		};
		82272FA524512A4E00AD3C98 /* Release */ = {
			isa = XCBuildConfiguration;
			buildSettings = {
				ALWAYS_EMBED_SWIFT_STANDARD_LIBRARIES = YES;
				CODE_SIGN_STYLE = Automatic;
				DEVELOPMENT_TEAM = FX553XR2X7;
				INFOPLIST_FILE = 9UITests/Info.plist;
				LD_RUNPATH_SEARCH_PATHS = (
					"$(inherited)",
					"@executable_path/Frameworks",
					"@loader_path/Frameworks",
				);
				PRODUCT_BUNDLE_IDENTIFIER = "emilyross.com.-UITests";
				PRODUCT_NAME = "$(TARGET_NAME)";
				SWIFT_VERSION = 5.0;
				TARGETED_DEVICE_FAMILY = "1,2";
				TEST_TARGET_NAME = 9;
			};
			name = Release;
		};
/* End XCBuildConfiguration section */

/* Begin XCConfigurationList section */
		82272F6E24512A4C00AD3C98 /* Build configuration list for PBXProject "9" */ = {
			isa = XCConfigurationList;
			buildConfigurations = (
				82272F9B24512A4E00AD3C98 /* Debug */,
				82272F9C24512A4E00AD3C98 /* Release */,
			);
			defaultConfigurationIsVisible = 0;
			defaultConfigurationName = Release;
		};
		82272F9D24512A4E00AD3C98 /* Build configuration list for PBXNativeTarget "9" */ = {
			isa = XCConfigurationList;
			buildConfigurations = (
				82272F9E24512A4E00AD3C98 /* Debug */,
				82272F9F24512A4E00AD3C98 /* Release */,
			);
			defaultConfigurationIsVisible = 0;
			defaultConfigurationName = Release;
		};
		82272FA024512A4E00AD3C98 /* Build configuration list for PBXNativeTarget "9Tests" */ = {
			isa = XCConfigurationList;
			buildConfigurations = (
				82272FA124512A4E00AD3C98 /* Debug */,
				82272FA224512A4E00AD3C98 /* Release */,
			);
			defaultConfigurationIsVisible = 0;
			defaultConfigurationName = Release;
		};
		82272FA324512A4E00AD3C98 /* Build configuration list for PBXNativeTarget "9UITests" */ = {
			isa = XCConfigurationList;
			buildConfigurations = (
				82272FA424512A4E00AD3C98 /* Debug */,
				82272FA524512A4E00AD3C98 /* Release */,
			);
			defaultConfigurationIsVisible = 0;
			defaultConfigurationName = Release;
		};
/* End XCConfigurationList section */
	};
	rootObject = 82272F6B24512A4C00AD3C98 /* Project object */;
}
